
Microsoft Visual Studio Solution File, Format Version 12.00
# Visual Studio Version 17
VisualStudioVersion = 17.7.34031.279
MinimumVisualStudioVersion = 10.0.40219.1
Project("{9A19103F-16F7-4668-BE54-9A1E7A4F7556}") = "Vocabularity.API", "Vocabularity.API\Vocabularity.API.csproj", "{CC80E114-1C39-419C-8895-D154875FFF3E}"
EndProject
Project("{9A19103F-16F7-4668-BE54-9A1E7A4F7556}") = "Vocabularity.Core", "Vocabularity.Core\Vocabularity.Core.csproj", "{92E74D7E-9F95-4949-92AE-AF237E8EA864}"
EndProject
Project("{2150E333-8FDC-42A3-9474-1A3956D46DE8}") = "Services", "Services", "{357A05BD-E944-4647-9D99-54EAE21CB973}"
EndProject
Project("{9A19103F-16F7-4668-BE54-9A1E7A4F7556}") = "Vocabularity.Service.Language", "Vocabularity.Service.Language\Vocabularity.Service.Language.csproj", "{62C86BD3-CE50-4B37-A3EC-A2BCB43C06F2}"
EndProject
Project("{9A19103F-16F7-4668-BE54-9A1E7A4F7556}") = "Vocabularity.Service.Dictionary", "Vocabularity.Service.Dictionary\Vocabularity.Service.Dictionary.csproj", "{5B27DD80-EAA4-4778-9AC2-91C18F0DF24E}"
EndProject
Project("{9A19103F-16F7-4668-BE54-9A1E7A4F7556}") = "Vocabularity.Service.User", "ConsoleApp1\Vocabularity.Service.User.csproj", "{246B9772-F8EC-48C5-946E-B3B3E39C10AB}"
EndProject
Project("{FAE04EC0-301F-11D3-BF4B-00C04F79EFBC}") = "Vocabularity.AzureADB2C", "Vocabularity.AzureADB2C\Vocabularity.AzureADB2C.csproj", "{C6261E2B-2D4A-4AAD-8C85-9F5549E5CBC5}"
EndProject
Global
	GlobalSection(SolutionConfigurationPlatforms) = preSolution
		Debug|Any CPU = Debug|Any CPU
		Release|Any CPU = Release|Any CPU
	EndGlobalSection
	GlobalSection(ProjectConfigurationPlatforms) = postSolution
		{CC80E114-1C39-419C-8895-D154875FFF3E}.Debug|Any CPU.ActiveCfg = Debug|Any CPU
		{CC80E114-1C39-419C-8895-D154875FFF3E}.Debug|Any CPU.Build.0 = Debug|Any CPU
		{CC80E114-1C39-419C-8895-D154875FFF3E}.Release|Any CPU.ActiveCfg = Release|Any CPU
		{CC80E114-1C39-419C-8895-D154875FFF3E}.Release|Any CPU.Build.0 = Release|Any CPU
		{92E74D7E-9F95-4949-92AE-AF237E8EA864}.Debug|Any CPU.ActiveCfg = Debug|Any CPU
		{92E74D7E-9F95-4949-92AE-AF237E8EA864}.Debug|Any CPU.Build.0 = Debug|Any CPU
		{92E74D7E-9F95-4949-92AE-AF237E8EA864}.Release|Any CPU.ActiveCfg = Release|Any CPU
		{92E74D7E-9F95-4949-92AE-AF237E8EA864}.Release|Any CPU.Build.0 = Release|Any CPU
		{62C86BD3-CE50-4B37-A3EC-A2BCB43C06F2}.Debug|Any CPU.ActiveCfg = Debug|Any CPU
		{62C86BD3-CE50-4B37-A3EC-A2BCB43C06F2}.Debug|Any CPU.Build.0 = Debug|Any CPU
		{62C86BD3-CE50-4B37-A3EC-A2BCB43C06F2}.Release|Any CPU.ActiveCfg = Release|Any CPU
		{62C86BD3-CE50-4B37-A3EC-A2BCB43C06F2}.Release|Any CPU.Build.0 = Release|Any CPU
		{5B27DD80-EAA4-4778-9AC2-91C18F0DF24E}.Debug|Any CPU.ActiveCfg = Debug|Any CPU
		{5B27DD80-EAA4-4778-9AC2-91C18F0DF24E}.Debug|Any CPU.Build.0 = Debug|Any CPU
		{5B27DD80-EAA4-4778-9AC2-91C18F0DF24E}.Release|Any CPU.ActiveCfg = Release|Any CPU
		{5B27DD80-EAA4-4778-9AC2-91C18F0DF24E}.Release|Any CPU.Build.0 = Release|Any CPU
		{246B9772-F8EC-48C5-946E-B3B3E39C10AB}.Debug|Any CPU.ActiveCfg = Debug|Any CPU
		{246B9772-F8EC-48C5-946E-B3B3E39C10AB}.Debug|Any CPU.Build.0 = Debug|Any CPU
		{246B9772-F8EC-48C5-946E-B3B3E39C10AB}.Release|Any CPU.ActiveCfg = Release|Any CPU
		{246B9772-F8EC-48C5-946E-B3B3E39C10AB}.Release|Any CPU.Build.0 = Release|Any CPU
		{C6261E2B-2D4A-4AAD-8C85-9F5549E5CBC5}.Debug|Any CPU.ActiveCfg = Debug|Any CPU
		{C6261E2B-2D4A-4AAD-8C85-9F5549E5CBC5}.Debug|Any CPU.Build.0 = Debug|Any CPU
		{C6261E2B-2D4A-4AAD-8C85-9F5549E5CBC5}.Release|Any CPU.ActiveCfg = Release|Any CPU
		{C6261E2B-2D4A-4AAD-8C85-9F5549E5CBC5}.Release|Any CPU.Build.0 = Release|Any CPU
	EndGlobalSection
	GlobalSection(SolutionProperties) = preSolution
		HideSolutionNode = FALSE
	EndGlobalSection
	GlobalSection(NestedProjects) = preSolution
		{62C86BD3-CE50-4B37-A3EC-A2BCB43C06F2} = {357A05BD-E944-4647-9D99-54EAE21CB973}
		{5B27DD80-EAA4-4778-9AC2-91C18F0DF24E} = {357A05BD-E944-4647-9D99-54EAE21CB973}
		{246B9772-F8EC-48C5-946E-B3B3E39C10AB} = {357A05BD-E944-4647-9D99-54EAE21CB973}
	EndGlobalSection
	GlobalSection(ExtensibilityGlobals) = postSolution
		SolutionGuid = {F30367D2-792F-43D4-A77F-BF0C0461F363}
	EndGlobalSection
EndGlobal
